
Microsoft Visual Studio Solution File, Format Version 12.00
# Visual Studio Version 17
VisualStudioVersion = 17.0.31903.59
MinimumVisualStudioVersion = 10.0.40219.1
Project("{FAE04EC0-301F-11D3-BF4B-00C04F79EFBC}") = "scratchql.Core", "scratchql.Core\scratchql.Core.csproj", "{29EC8154-DEC1-408B-98C8-921FE173FEF6}"
EndProject
Project("{FAE04EC0-301F-11D3-BF4B-00C04F79EFBC}") = "scratchql.Cli", "scratchql.Cli\scratchql.Cli.csproj", "{C96352CB-8FFC-47C8-9F5A-E2D5FC727364}"
EndProject
Project("{FAE04EC0-301F-11D3-BF4B-00C04F79EFBC}") = "scratchql.Cli.Tests", "scratchql.Cli.Tests\scratchql.Cli.Tests.csproj", "{F0E0A520-E92E-4EFD-A05A-030A2616498C}"
EndProject
Global
	GlobalSection(SolutionConfigurationPlatforms) = preSolution
		Debug|Any CPU = Debug|Any CPU
		Debug|x64 = Debug|x64
		Debug|x86 = Debug|x86
		Release|Any CPU = Release|Any CPU
		Release|x64 = Release|x64
		Release|x86 = Release|x86
	EndGlobalSection
	GlobalSection(ProjectConfigurationPlatforms) = postSolution
		{29EC8154-DEC1-408B-98C8-921FE173FEF6}.Debug|Any CPU.ActiveCfg = Debug|Any CPU
		{29EC8154-DEC1-408B-98C8-921FE173FEF6}.Debug|Any CPU.Build.0 = Debug|Any CPU
		{29EC8154-DEC1-408B-98C8-921FE173FEF6}.Debug|x64.ActiveCfg = Debug|Any CPU
		{29EC8154-DEC1-408B-98C8-921FE173FEF6}.Debug|x64.Build.0 = Debug|Any CPU
		{29EC8154-DEC1-408B-98C8-921FE173FEF6}.Debug|x86.ActiveCfg = Debug|Any CPU
		{29EC8154-DEC1-408B-98C8-921FE173FEF6}.Debug|x86.Build.0 = Debug|Any CPU
		{29EC8154-DEC1-408B-98C8-921FE173FEF6}.Release|Any CPU.ActiveCfg = Release|Any CPU
		{29EC8154-DEC1-408B-98C8-921FE173FEF6}.Release|Any CPU.Build.0 = Release|Any CPU
		{29EC8154-DEC1-408B-98C8-921FE173FEF6}.Release|x64.ActiveCfg = Release|Any CPU
		{29EC8154-DEC1-408B-98C8-921FE173FEF6}.Release|x64.Build.0 = Release|Any CPU
		{29EC8154-DEC1-408B-98C8-921FE173FEF6}.Release|x86.ActiveCfg = Release|Any CPU
		{29EC8154-DEC1-408B-98C8-921FE173FEF6}.Release|x86.Build.0 = Release|Any CPU
		{C96352CB-8FFC-47C8-9F5A-E2D5FC727364}.Debug|Any CPU.ActiveCfg = Debug|Any CPU
		{C96352CB-8FFC-47C8-9F5A-E2D5FC727364}.Debug|Any CPU.Build.0 = Debug|Any CPU
		{C96352CB-8FFC-47C8-9F5A-E2D5FC727364}.Debug|x64.ActiveCfg = Debug|Any CPU
		{C96352CB-8FFC-47C8-9F5A-E2D5FC727364}.Debug|x64.Build.0 = Debug|Any CPU
		{C96352CB-8FFC-47C8-9F5A-E2D5FC727364}.Debug|x86.ActiveCfg = Debug|Any CPU
		{C96352CB-8FFC-47C8-9F5A-E2D5FC727364}.Debug|x86.Build.0 = Debug|Any CPU
		{C96352CB-8FFC-47C8-9F5A-E2D5FC727364}.Release|Any CPU.ActiveCfg = Release|Any CPU
		{C96352CB-8FFC-47C8-9F5A-E2D5FC727364}.Release|Any CPU.Build.0 = Release|Any CPU
		{C96352CB-8FFC-47C8-9F5A-E2D5FC727364}.Release|x64.ActiveCfg = Release|Any CPU
		{C96352CB-8FFC-47C8-9F5A-E2D5FC727364}.Release|x64.Build.0 = Release|Any CPU
		{C96352CB-8FFC-47C8-9F5A-E2D5FC727364}.Release|x86.ActiveCfg = Release|Any CPU
		{C96352CB-8FFC-47C8-9F5A-E2D5FC727364}.Release|x86.Build.0 = Release|Any CPU
		{F0E0A520-E92E-4EFD-A05A-030A2616498C}.Debug|Any CPU.ActiveCfg = Debug|Any CPU
		{F0E0A520-E92E-4EFD-A05A-030A2616498C}.Debug|Any CPU.Build.0 = Debug|Any CPU
		{F0E0A520-E92E-4EFD-A05A-030A2616498C}.Debug|x64.ActiveCfg = Debug|Any CPU
		{F0E0A520-E92E-4EFD-A05A-030A2616498C}.Debug|x64.Build.0 = Debug|Any CPU
		{F0E0A520-E92E-4EFD-A05A-030A2616498C}.Debug|x86.ActiveCfg = Debug|Any CPU
		{F0E0A520-E92E-4EFD-A05A-030A2616498C}.Debug|x86.Build.0 = Debug|Any CPU
		{F0E0A520-E92E-4EFD-A05A-030A2616498C}.Release|Any CPU.ActiveCfg = Release|Any CPU
		{F0E0A520-E92E-4EFD-A05A-030A2616498C}.Release|Any CPU.Build.0 = Release|Any CPU
		{F0E0A520-E92E-4EFD-A05A-030A2616498C}.Release|x64.ActiveCfg = Release|Any CPU
		{F0E0A520-E92E-4EFD-A05A-030A2616498C}.Release|x64.Build.0 = Release|Any CPU
		{F0E0A520-E92E-4EFD-A05A-030A2616498C}.Release|x86.ActiveCfg = Release|Any CPU
		{F0E0A520-E92E-4EFD-A05A-030A2616498C}.Release|x86.Build.0 = Release|Any CPU
	EndGlobalSection
	GlobalSection(SolutionProperties) = preSolution
		HideSolutionNode = FALSE
	EndGlobalSection
EndGlobal
